
Microsoft Visual Studio Solution File, Format Version 12.00
# Visual Studio 15
Project("{FAE04EC0-301F-11D3-BF4B-00C04F79EFBC}") = "milespergallon", "milespergallon\milespergallon.csproj", "{ECD17235-E556-4FE6-9502-AE3F06F401C0}"
EndProject
Global
	GlobalSection(SolutionConfigurationPlatforms) = preSolution
		Debug|Any CPU = Debug|Any CPU
		Release|Any CPU = Release|Any CPU
	EndGlobalSection
	GlobalSection(ProjectConfigurationPlatforms) = postSolution
		{ECD17235-E556-4FE6-9502-AE3F06F401C0}.Debug|Any CPU.ActiveCfg = Debug|Any CPU
		{ECD17235-E556-4FE6-9502-AE3F06F401C0}.Debug|Any CPU.Build.0 = Debug|Any CPU
		{ECD17235-E556-4FE6-9502-AE3F06F401C0}.Release|Any CPU.ActiveCfg = Release|Any CPU
		{ECD17235-E556-4FE6-9502-AE3F06F401C0}.Release|Any CPU.Build.0 = Release|Any CPU
	EndGlobalSection
EndGlobal
